
Microsoft Visual Studio Solution File, Format Version 12.00
# Visual Studio Version 17
VisualStudioVersion = 17.7.34009.444
MinimumVisualStudioVersion = 10.0.40219.1
Project("{FAE04EC0-301F-11D3-BF4B-00C04F79EFBC}") = "imageAPI", "imageAPI\imageAPI.csproj", "{2671607A-190B-4026-A5DB-8276D67373EA}"
EndProject
Global
	GlobalSection(SolutionConfigurationPlatforms) = preSolution
		Debug|Any CPU = Debug|Any CPU
		Release|Any CPU = Release|Any CPU
	EndGlobalSection
	GlobalSection(ProjectConfigurationPlatforms) = postSolution
		{2671607A-190B-4026-A5DB-8276D67373EA}.Debug|Any CPU.ActiveCfg = Debug|Any CPU
		{2671607A-190B-4026-A5DB-8276D67373EA}.Debug|Any CPU.Build.0 = Debug|Any CPU
		{2671607A-190B-4026-A5DB-8276D67373EA}.Release|Any CPU.ActiveCfg = Release|Any CPU
		{2671607A-190B-4026-A5DB-8276D67373EA}.Release|Any CPU.Build.0 = Release|Any CPU
	EndGlobalSection
	GlobalSection(SolutionProperties) = preSolution
		HideSolutionNode = FALSE
	EndGlobalSection
	GlobalSection(ExtensibilityGlobals) = postSolution
		SolutionGuid = {6342FB8C-2208-4EBD-BE81-2F780C734E03}
	EndGlobalSection
EndGlobal
